
Microsoft Visual Studio Solution File, Format Version 12.00
# Visual Studio Version 16
VisualStudioVersion = 16.0.29215.179
MinimumVisualStudioVersion = 10.0.40219.1
Project("{9A19103F-16F7-4668-BE54-9A1E7A4F7556}") = "Blueberry.Core", "Blueberry.Core\Blueberry.Core.csproj", "{1B513C9F-3A2E-4753-8BC0-936588DFEC64}"
EndProject
Project("{9A19103F-16F7-4668-BE54-9A1E7A4F7556}") = "Blueberry.Mobile.UI", "Blueberry.Mobile.UI\Blueberry.Mobile.UI.csproj", "{759FD1E1-52BB-4E1B-8037-C30DBC51387D}"
EndProject
Project("{FAE04EC0-301F-11D3-BF4B-00C04F79EFBC}") = "Blueberry.Mobile.AndroidApp", "Blueberry.Mobile.AndroidApp\Blueberry.Mobile.AndroidApp.csproj", "{D3815EEF-2073-4CE1-8550-16844A9077FE}"
EndProject
Project("{FAE04EC0-301F-11D3-BF4B-00C04F79EFBC}") = "Blueberry.Mobile.iOSApp", "Blueberry.Mobile.iOSApp\Blueberry.Mobile.iOSApp.csproj", "{5CB68C09-3B58-40A4-BE2E-64186990F8F5}"
EndProject
Project("{9A19103F-16F7-4668-BE54-9A1E7A4F7556}") = "Blueberry.Desktop.WindowsApp", "Blueberry.Desktop.WindowsApp\Blueberry.Desktop.WindowsApp.csproj", "{D5C39428-9AF1-4CF1-81A4-780EA1250F8F}"
EndProject
Project("{2150E333-8FDC-42A3-9474-1A3956D46DE8}") = "Mobile", "Mobile", "{8B14ABEA-F0EC-496E-8810-8FE12878C5B8}"
EndProject
Project("{2150E333-8FDC-42A3-9474-1A3956D46DE8}") = "Desktop", "Desktop", "{A3F007B3-EDAD-4EB0-AAD6-B137300073DC}"
EndProject
Project("{2150E333-8FDC-42A3-9474-1A3956D46DE8}") = "Core", "Core", "{26C89883-6EA2-4E67-86F7-F43277D7BB85}"
EndProject
Project("{FAE04EC0-301F-11D3-BF4B-00C04F79EFBC}") = "Blueberry.Desktop.WindowsApp.Bluetooth", "Blueberry.Desktop.WindowsApp.Bluetooth\Blueberry.Desktop.WindowsApp.Bluetooth.csproj", "{F50EB987-6498-46E8-AD4F-BEC10ED4913F}"
EndProject
Project("{FAE04EC0-301F-11D3-BF4B-00C04F79EFBC}") = "Blueberry.Desktop.ConsolePlayground", "Blueberry.Desktop.ConsolePlayground\Blueberry.Desktop.ConsolePlayground.csproj", "{081E3FDA-39DB-4013-9B9D-3EC84FDD15C0}"
EndProject
Global
	GlobalSection(SolutionConfigurationPlatforms) = preSolution
		Debug|Any CPU = Debug|Any CPU
		Debug|iPhone = Debug|iPhone
		Debug|iPhoneSimulator = Debug|iPhoneSimulator
		Release|Any CPU = Release|Any CPU
		Release|iPhone = Release|iPhone
		Release|iPhoneSimulator = Release|iPhoneSimulator
	EndGlobalSection
	GlobalSection(ProjectConfigurationPlatforms) = postSolution
		{1B513C9F-3A2E-4753-8BC0-936588DFEC64}.Debug|Any CPU.ActiveCfg = Debug|Any CPU
		{1B513C9F-3A2E-4753-8BC0-936588DFEC64}.Debug|Any CPU.Build.0 = Debug|Any CPU
		{1B513C9F-3A2E-4753-8BC0-936588DFEC64}.Debug|iPhone.ActiveCfg = Debug|Any CPU
		{1B513C9F-3A2E-4753-8BC0-936588DFEC64}.Debug|iPhone.Build.0 = Debug|Any CPU
		{1B513C9F-3A2E-4753-8BC0-936588DFEC64}.Debug|iPhoneSimulator.ActiveCfg = Debug|Any CPU
		{1B513C9F-3A2E-4753-8BC0-936588DFEC64}.Debug|iPhoneSimulator.Build.0 = Debug|Any CPU
		{1B513C9F-3A2E-4753-8BC0-936588DFEC64}.Release|Any CPU.ActiveCfg = Release|Any CPU
		{1B513C9F-3A2E-4753-8BC0-936588DFEC64}.Release|Any CPU.Build.0 = Release|Any CPU
		{1B513C9F-3A2E-4753-8BC0-936588DFEC64}.Release|iPhone.ActiveCfg = Release|Any CPU
		{1B513C9F-3A2E-4753-8BC0-936588DFEC64}.Release|iPhone.Build.0 = Release|Any CPU
		{1B513C9F-3A2E-4753-8BC0-936588DFEC64}.Release|iPhoneSimulator.ActiveCfg = Release|Any CPU
		{1B513C9F-3A2E-4753-8BC0-936588DFEC64}.Release|iPhoneSimulator.Build.0 = Release|Any CPU
		{759FD1E1-52BB-4E1B-8037-C30DBC51387D}.Debug|Any CPU.ActiveCfg = Debug|Any CPU
		{759FD1E1-52BB-4E1B-8037-C30DBC51387D}.Debug|Any CPU.Build.0 = Debug|Any CPU
		{759FD1E1-52BB-4E1B-8037-C30DBC51387D}.Debug|iPhone.ActiveCfg = Debug|Any CPU
		{759FD1E1-52BB-4E1B-8037-C30DBC51387D}.Debug|iPhone.Build.0 = Debug|Any CPU
		{759FD1E1-52BB-4E1B-8037-C30DBC51387D}.Debug|iPhoneSimulator.ActiveCfg = Debug|Any CPU
		{759FD1E1-52BB-4E1B-8037-C30DBC51387D}.Debug|iPhoneSimulator.Build.0 = Debug|Any CPU
		{759FD1E1-52BB-4E1B-8037-C30DBC51387D}.Release|Any CPU.ActiveCfg = Release|Any CPU
		{759FD1E1-52BB-4E1B-8037-C30DBC51387D}.Release|Any CPU.Build.0 = Release|Any CPU
		{759FD1E1-52BB-4E1B-8037-C30DBC51387D}.Release|iPhone.ActiveCfg = Release|Any CPU
		{759FD1E1-52BB-4E1B-8037-C30DBC51387D}.Release|iPhone.Build.0 = Release|Any CPU
		{759FD1E1-52BB-4E1B-8037-C30DBC51387D}.Release|iPhoneSimulator.ActiveCfg = Release|Any CPU
		{759FD1E1-52BB-4E1B-8037-C30DBC51387D}.Release|iPhoneSimulator.Build.0 = Release|Any CPU
		{D3815EEF-2073-4CE1-8550-16844A9077FE}.Debug|Any CPU.ActiveCfg = Debug|Any CPU
		{D3815EEF-2073-4CE1-8550-16844A9077FE}.Debug|Any CPU.Build.0 = Debug|Any CPU
		{D3815EEF-2073-4CE1-8550-16844A9077FE}.Debug|Any CPU.Deploy.0 = Debug|Any CPU
		{D3815EEF-2073-4CE1-8550-16844A9077FE}.Debug|iPhone.ActiveCfg = Debug|Any CPU
		{D3815EEF-2073-4CE1-8550-16844A9077FE}.Debug|iPhone.Build.0 = Debug|Any CPU
		{D3815EEF-2073-4CE1-8550-16844A9077FE}.Debug|iPhone.Deploy.0 = Debug|Any CPU
		{D3815EEF-2073-4CE1-8550-16844A9077FE}.Debug|iPhoneSimulator.ActiveCfg = Debug|Any CPU
		{D3815EEF-2073-4CE1-8550-16844A9077FE}.Debug|iPhoneSimulator.Build.0 = Debug|Any CPU
		{D3815EEF-2073-4CE1-8550-16844A9077FE}.Debug|iPhoneSimulator.Deploy.0 = Debug|Any CPU
		{D3815EEF-2073-4CE1-8550-16844A9077FE}.Release|Any CPU.ActiveCfg = Release|Any CPU
		{D3815EEF-2073-4CE1-8550-16844A9077FE}.Release|Any CPU.Build.0 = Release|Any CPU
		{D3815EEF-2073-4CE1-8550-16844A9077FE}.Release|Any CPU.Deploy.0 = Release|Any CPU
		{D3815EEF-2073-4CE1-8550-16844A9077FE}.Release|iPhone.ActiveCfg = Release|Any CPU
		{D3815EEF-2073-4CE1-8550-16844A9077FE}.Release|iPhone.Build.0 = Release|Any CPU
		{D3815EEF-2073-4CE1-8550-16844A9077FE}.Release|iPhone.Deploy.0 = Release|Any CPU
		{D3815EEF-2073-4CE1-8550-16844A9077FE}.Release|iPhoneSimulator.ActiveCfg = Release|Any CPU
		{D3815EEF-2073-4CE1-8550-16844A9077FE}.Release|iPhoneSimulator.Build.0 = Release|Any CPU
		{D3815EEF-2073-4CE1-8550-16844A9077FE}.Release|iPhoneSimulator.Deploy.0 = Release|Any CPU
		{5CB68C09-3B58-40A4-BE2E-64186990F8F5}.Debug|Any CPU.ActiveCfg = Debug|iPhone
		{5CB68C09-3B58-40A4-BE2E-64186990F8F5}.Debug|iPhone.ActiveCfg = Debug|iPhone
		{5CB68C09-3B58-40A4-BE2E-64186990F8F5}.Debug|iPhone.Build.0 = Debug|iPhone
		{5CB68C09-3B58-40A4-BE2E-64186990F8F5}.Debug|iPhoneSimulator.ActiveCfg = Debug|iPhoneSimulator
		{5CB68C09-3B58-40A4-BE2E-64186990F8F5}.Debug|iPhoneSimulator.Build.0 = Debug|iPhoneSimulator
		{5CB68C09-3B58-40A4-BE2E-64186990F8F5}.Release|Any CPU.ActiveCfg = Release|iPhone
		{5CB68C09-3B58-40A4-BE2E-64186990F8F5}.Release|iPhone.ActiveCfg = Release|iPhone
		{5CB68C09-3B58-40A4-BE2E-64186990F8F5}.Release|iPhone.Build.0 = Release|iPhone
		{5CB68C09-3B58-40A4-BE2E-64186990F8F5}.Release|iPhoneSimulator.ActiveCfg = Release|iPhoneSimulator
		{5CB68C09-3B58-40A4-BE2E-64186990F8F5}.Release|iPhoneSimulator.Build.0 = Release|iPhoneSimulator
		{D5C39428-9AF1-4CF1-81A4-780EA1250F8F}.Debug|Any CPU.ActiveCfg = Debug|Any CPU
		{D5C39428-9AF1-4CF1-81A4-780EA1250F8F}.Debug|Any CPU.Build.0 = Debug|Any CPU
		{D5C39428-9AF1-4CF1-81A4-780EA1250F8F}.Debug|iPhone.ActiveCfg = Debug|Any CPU
		{D5C39428-9AF1-4CF1-81A4-780EA1250F8F}.Debug|iPhone.Build.0 = Debug|Any CPU
		{D5C39428-9AF1-4CF1-81A4-780EA1250F8F}.Debug|iPhoneSimulator.ActiveCfg = Debug|Any CPU
		{D5C39428-9AF1-4CF1-81A4-780EA1250F8F}.Debug|iPhoneSimulator.Build.0 = Debug|Any CPU
		{D5C39428-9AF1-4CF1-81A4-780EA1250F8F}.Release|Any CPU.ActiveCfg = Release|Any CPU
		{D5C39428-9AF1-4CF1-81A4-780EA1250F8F}.Release|Any CPU.Build.0 = Release|Any CPU
		{D5C39428-9AF1-4CF1-81A4-780EA1250F8F}.Release|iPhone.ActiveCfg = Release|Any CPU
		{D5C39428-9AF1-4CF1-81A4-780EA1250F8F}.Release|iPhone.Build.0 = Release|Any CPU
		{D5C39428-9AF1-4CF1-81A4-780EA1250F8F}.Release|iPhoneSimulator.ActiveCfg = Release|Any CPU
		{D5C39428-9AF1-4CF1-81A4-780EA1250F8F}.Release|iPhoneSimulator.Build.0 = Release|Any CPU
		{F50EB987-6498-46E8-AD4F-BEC10ED4913F}.Debug|Any CPU.ActiveCfg = Debug|Any CPU
		{F50EB987-6498-46E8-AD4F-BEC10ED4913F}.Debug|Any CPU.Build.0 = Debug|Any CPU
		{F50EB987-6498-46E8-AD4F-BEC10ED4913F}.Debug|iPhone.ActiveCfg = Debug|Any CPU
		{F50EB987-6498-46E8-AD4F-BEC10ED4913F}.Debug|iPhone.Build.0 = Debug|Any CPU
		{F50EB987-6498-46E8-AD4F-BEC10ED4913F}.Debug|iPhoneSimulator.ActiveCfg = Debug|Any CPU
		{F50EB987-6498-46E8-AD4F-BEC10ED4913F}.Debug|iPhoneSimulator.Build.0 = Debug|Any CPU
		{F50EB987-6498-46E8-AD4F-BEC10ED4913F}.Release|Any CPU.ActiveCfg = Release|Any CPU
		{F50EB987-6498-46E8-AD4F-BEC10ED4913F}.Release|Any CPU.Build.0 = Release|Any CPU
		{F50EB987-6498-46E8-AD4F-BEC10ED4913F}.Release|iPhone.ActiveCfg = Release|Any CPU
		{F50EB987-6498-46E8-AD4F-BEC10ED4913F}.Release|iPhone.Build.0 = Release|Any CPU
		{F50EB987-6498-46E8-AD4F-BEC10ED4913F}.Release|iPhoneSimulator.ActiveCfg = Release|Any CPU
		{F50EB987-6498-46E8-AD4F-BEC10ED4913F}.Release|iPhoneSimulator.Build.0 = Release|Any CPU
		{081E3FDA-39DB-4013-9B9D-3EC84FDD15C0}.Debug|Any CPU.ActiveCfg = Debug|Any CPU
		{081E3FDA-39DB-4013-9B9D-3EC84FDD15C0}.Debug|Any CPU.Build.0 = Debug|Any CPU
		{081E3FDA-39DB-4013-9B9D-3EC84FDD15C0}.Debug|iPhone.ActiveCfg = Debug|Any CPU
		{081E3FDA-39DB-4013-9B9D-3EC84FDD15C0}.Debug|iPhone.Build.0 = Debug|Any CPU
		{081E3FDA-39DB-4013-9B9D-3EC84FDD15C0}.Debug|iPhoneSimulator.ActiveCfg = Debug|Any CPU
		{081E3FDA-39DB-4013-9B9D-3EC84FDD15C0}.Debug|iPhoneSimulator.Build.0 = Debug|Any CPU
		{081E3FDA-39DB-4013-9B9D-3EC84FDD15C0}.Release|Any CPU.ActiveCfg = Release|Any CPU
		{081E3FDA-39DB-4013-9B9D-3EC84FDD15C0}.Release|Any CPU.Build.0 = Release|Any CPU
		{081E3FDA-39DB-4013-9B9D-3EC84FDD15C0}.Release|iPhone.ActiveCfg = Release|Any CPU
		{081E3FDA-39DB-4013-9B9D-3EC84FDD15C0}.Release|iPhone.Build.0 = Release|Any CPU
		{081E3FDA-39DB-4013-9B9D-3EC84FDD15C0}.Release|iPhoneSimulator.ActiveCfg = Release|Any CPU
		{081E3FDA-39DB-4013-9B9D-3EC84FDD15C0}.Release|iPhoneSimulator.Build.0 = Release|Any CPU
	EndGlobalSection
	GlobalSection(SolutionProperties) = preSolution
		HideSolutionNode = FALSE
	EndGlobalSection
	GlobalSection(NestedProjects) = preSolution
		{1B513C9F-3A2E-4753-8BC0-936588DFEC64} = {26C89883-6EA2-4E67-86F7-F43277D7BB85}
		{759FD1E1-52BB-4E1B-8037-C30DBC51387D} = {8B14ABEA-F0EC-496E-8810-8FE12878C5B8}
		{D3815EEF-2073-4CE1-8550-16844A9077FE} = {8B14ABEA-F0EC-496E-8810-8FE12878C5B8}
		{5CB68C09-3B58-40A4-BE2E-64186990F8F5} = {8B14ABEA-F0EC-496E-8810-8FE12878C5B8}
		{D5C39428-9AF1-4CF1-81A4-780EA1250F8F} = {A3F007B3-EDAD-4EB0-AAD6-B137300073DC}
		{F50EB987-6498-46E8-AD4F-BEC10ED4913F} = {A3F007B3-EDAD-4EB0-AAD6-B137300073DC}
		{081E3FDA-39DB-4013-9B9D-3EC84FDD15C0} = {A3F007B3-EDAD-4EB0-AAD6-B137300073DC}
	EndGlobalSection
	GlobalSection(ExtensibilityGlobals) = postSolution
		SolutionGuid = {08A1A98A-6E29-4990-B974-58899AC18CBC}
	EndGlobalSection
EndGlobal
